
Microsoft Visual Studio Solution File, Format Version 12.00
# Visual Studio Version 16
VisualStudioVersion = 16.0.36631.11
MinimumVisualStudioVersion = 10.0.40219.1
Project("{FAE04EC0-301F-11D3-BF4B-00C04F79EFBC}") = "STOCKTRACKING", "STOCKTRACKING\STOCKTRACKING.csproj", "{3BBADBC8-E407-44CD-8B5B-DA04E5A1B801}"
EndProject
Global
	GlobalSection(SolutionConfigurationPlatforms) = preSolution
		Debug|Any CPU = Debug|Any CPU
		Release|Any CPU = Release|Any CPU
	EndGlobalSection
	GlobalSection(ProjectConfigurationPlatforms) = postSolution
		{3BBADBC8-E407-44CD-8B5B-DA04E5A1B801}.Debug|Any CPU.ActiveCfg = Debug|Any CPU
		{3BBADBC8-E407-44CD-8B5B-DA04E5A1B801}.Debug|Any CPU.Build.0 = Debug|Any CPU
		{3BBADBC8-E407-44CD-8B5B-DA04E5A1B801}.Release|Any CPU.ActiveCfg = Release|Any CPU
		{3BBADBC8-E407-44CD-8B5B-DA04E5A1B801}.Release|Any CPU.Build.0 = Release|Any CPU
	EndGlobalSection
	GlobalSection(SolutionProperties) = preSolution
		HideSolutionNode = FALSE
	EndGlobalSection
	GlobalSection(ExtensibilityGlobals) = postSolution
		SolutionGuid = {7B4760DB-1D47-43E8-B846-367ABB8B5525}
	EndGlobalSection
EndGlobal
